// !$*UTF8*$!
{
	archiveVersion = 1;
	classes = {
	};
	objectVersion = 46;
	objects = {

/* Begin PBXBuildFile section */
		E948366F1DC09BEA001334C5 /* AppDelegate.swift in Sources */ = {isa = PBXBuildFile; fileRef = E948366E1DC09BEA001334C5 /* AppDelegate.swift */; };
		E94836731DC09BEB001334C5 /* Assets.xcassets in Resources */ = {isa = PBXBuildFile; fileRef = E94836721DC09BEB001334C5 /* Assets.xcassets */; };
		E9555D631DC1F39700EA4D38 /* JSBridge.swift in Sources */ = {isa = PBXBuildFile; fileRef = E9555D621DC1F39700EA4D38 /* JSBridge.swift */; };
/* End PBXBuildFile section */

/* Begin PBXFileReference section */
		E948366B1DC09BEA001334C5 /* LazyCat.app */ = {isa = PBXFileReference; explicitFileType = wrapper.application; includeInIndex = 0; path = LazyCat.app; sourceTree = BUILT_PRODUCTS_DIR; };
		E948366E1DC09BEA001334C5 /* AppDelegate.swift */ = {isa = PBXFileReference; lastKnownFileType = sourcecode.swift; path = AppDelegate.swift; sourceTree = "<group>"; };
		E94836711DC09BEA001334C5 /* application.js */ = {isa = PBXFileReference; lastKnownFileType = sourcecode.javascript; path = application.js; sourceTree = "<group>"; };
		E94836721DC09BEB001334C5 /* Assets.xcassets */ = {isa = PBXFileReference; lastKnownFileType = folder.assetcatalog; path = Assets.xcassets; sourceTree = "<group>"; };
		E94836741DC09BEB001334C5 /* Info.plist */ = {isa = PBXFileReference; lastKnownFileType = text.plist.xml; path = Info.plist; sourceTree = "<group>"; };
		E9555D621DC1F39700EA4D38 /* JSBridge.swift */ = {isa = PBXFileReference; fileEncoding = 4; lastKnownFileType = sourcecode.swift; path = JSBridge.swift; sourceTree = "<group>"; };
/* End PBXFileReference section */

/* Begin PBXFrameworksBuildPhase section */
		E94836681DC09BEA001334C5 /* Frameworks */ = {
			isa = PBXFrameworksBuildPhase;
			buildActionMask = 2147483647;
			files = (
			);
			runOnlyForDeploymentPostprocessing = 0;
		};
/* End PBXFrameworksBuildPhase section */

/* Begin PBXGroup section */
		E94836621DC09BEA001334C5 = {
			isa = PBXGroup;
			children = (
				E948366D1DC09BEA001334C5 /* LazyCat */,
				E948366C1DC09BEA001334C5 /* Products */,
			);
			sourceTree = "<group>";
		};
		E948366C1DC09BEA001334C5 /* Products */ = {
			isa = PBXGroup;
			children = (
				E948366B1DC09BEA001334C5 /* LazyCat.app */,
			);
			name = Products;
			sourceTree = "<group>";
		};
		E948366D1DC09BEA001334C5 /* LazyCat */ = {
			isa = PBXGroup;
			children = (
				E948366E1DC09BEA001334C5 /* AppDelegate.swift */,
				E9555D621DC1F39700EA4D38 /* JSBridge.swift */,
				E94836721DC09BEB001334C5 /* Assets.xcassets */,
				E94836741DC09BEB001334C5 /* Info.plist */,
				E94836701DC09BEA001334C5 /* Supporting Files */,
			);
			path = LazyCat;
			sourceTree = "<group>";
		};
		E94836701DC09BEA001334C5 /* Supporting Files */ = {
			isa = PBXGroup;
			children = (
				E94836711DC09BEA001334C5 /* application.js */,
			);
			name = "Supporting Files";
			sourceTree = "<group>";
		};
/* End PBXGroup section */

/* Begin PBXNativeTarget section */
		E948366A1DC09BEA001334C5 /* LazyCat */ = {
			isa = PBXNativeTarget;
			buildConfigurationList = E94836771DC09BEB001334C5 /* Build configuration list for PBXNativeTarget "LazyCat" */;
			buildPhases = (
				E94836671DC09BEA001334C5 /* Sources */,
				E94836681DC09BEA001334C5 /* Frameworks */,
				E94836691DC09BEA001334C5 /* Resources */,
			);
			buildRules = (
			);
			dependencies = (
			);
			name = LazyCat;
			productName = LazyCat;
			productReference = E948366B1DC09BEA001334C5 /* LazyCat.app */;
			productType = "com.apple.product-type.application";
		};
/* End PBXNativeTarget section */

/* Begin PBXProject section */
		E94836631DC09BEA001334C5 /* Project object */ = {
			isa = PBXProject;
			attributes = {
				LastSwiftUpdateCheck = 0800;
				LastUpgradeCheck = 0810;
				ORGANIZATIONNAME = zfu;
				TargetAttributes = {
					E948366A1DC09BEA001334C5 = {
						CreatedOnToolsVersion = 8.0;
						DevelopmentTeam = SGZE33W2XX;
						ProvisioningStyle = Automatic;
					};
				};
			};
			buildConfigurationList = E94836661DC09BEA001334C5 /* Build configuration list for PBXProject "LazyCat" */;
			compatibilityVersion = "Xcode 3.2";
			developmentRegion = English;
			hasScannedForEncodings = 0;
			knownRegions = (
				en,
			);
			mainGroup = E94836621DC09BEA001334C5;
			productRefGroup = E948366C1DC09BEA001334C5 /* Products */;
			projectDirPath = "";
			projectRoot = "";
			targets = (
				E948366A1DC09BEA001334C5 /* LazyCat */,
			);
		};
/* End PBXProject section */

/* Begin PBXResourcesBuildPhase section */
		E94836691DC09BEA001334C5 /* Resources */ = {
			isa = PBXResourcesBuildPhase;
			buildActionMask = 2147483647;
			files = (
				E94836731DC09BEB001334C5 /* Assets.xcassets in Resources */,
			);
			runOnlyForDeploymentPostprocessing = 0;
		};
/* End PBXResourcesBuildPhase section */

/* Begin PBXSourcesBuildPhase section */
		E94836671DC09BEA001334C5 /* Sources */ = {
			isa = PBXSourcesBuildPhase;
			buildActionMask = 2147483647;
			files = (
				E948366F1DC09BEA001334C5 /* AppDelegate.swift in Sources */,
				E9555D631DC1F39700EA4D38 /* JSBridge.swift in Sources */,
			);
			runOnlyForDeploymentPostprocessing = 0;
		};
/* End PBXSourcesBuildPhase section */

/* Begin XCBuildConfiguration section */
		E94836751DC09BEB001334C5 /* Debug */ = {
			isa = XCBuildConfiguration;
			buildSettings = {
				ALWAYS_SEARCH_USER_PATHS = NO;
				CLANG_ANALYZER_NONNULL = YES;
				CLANG_CXX_LANGUAGE_STANDARD = "gnu++0x";
				CLANG_CXX_LIBRARY = "libc++";
				CLANG_ENABLE_MODULES = YES;
				CLANG_ENABLE_OBJC_ARC = YES;
				CLANG_WARN_BOOL_CONVERSION = YES;
				CLANG_WARN_CONSTANT_CONVERSION = YES;
				CLANG_WARN_DIRECT_OBJC_ISA_USAGE = YES_ERROR;
				CLANG_WARN_DOCUMENTATION_COMMENTS = YES;
				CLANG_WARN_EMPTY_BODY = YES;
				CLANG_WARN_ENUM_CONVERSION = YES;
				CLANG_WARN_INFINITE_RECURSION = YES;
				CLANG_WARN_INT_CONVERSION = YES;
				CLANG_WARN_OBJC_ROOT_CLASS = YES_ERROR;
				CLANG_WARN_SUSPICIOUS_MOVE = YES;
				CLANG_WARN_SUSPICIOUS_MOVES = YES;
				CLANG_WARN_UNREACHABLE_CODE = YES;
				CLANG_WARN__DUPLICATE_METHOD_MATCH = YES;
				COPY_PHASE_STRIP = NO;
				DEBUG_INFORMATION_FORMAT = dwarf;
				ENABLE_STRICT_OBJC_MSGSEND = YES;
				ENABLE_TESTABILITY = YES;
				GCC_C_LANGUAGE_STANDARD = gnu99;
				GCC_DYNAMIC_NO_PIC = NO;
				GCC_NO_COMMON_BLOCKS = YES;
				GCC_OPTIMIZATION_LEVEL = 0;
				GCC_PREPROCESSOR_DEFINITIONS = (
					"DEBUG=1",
					"$(inherited)",
				);
				GCC_WARN_64_TO_32_BIT_CONVERSION = YES;
				GCC_WARN_ABOUT_RETURN_TYPE = YES_ERROR;
				GCC_WARN_UNDECLARED_SELECTOR = YES;
				GCC_WARN_UNINITIALIZED_AUTOS = YES_AGGRESSIVE;
				GCC_WARN_UNUSED_FUNCTION = YES;
				GCC_WARN_UNUSED_VARIABLE = YES;
				MTL_ENABLE_DEBUG_INFO = YES;
				ONLY_ACTIVE_ARCH = YES;
				SDKROOT = appletvos;
				SWIFT_ACTIVE_COMPILATION_CONDITIONS = DEBUG;
				SWIFT_OPTIMIZATION_LEVEL = "-Onone";
				TARGETED_DEVICE_FAMILY = 3;
				TVOS_DEPLOYMENT_TARGET = 10.0;
			};
			name = Debug;
		};
		E94836761DC09BEB001334C5 /* Release */ = {
			isa = XCBuildConfiguration;
			buildSettings = {
				ALWAYS_SEARCH_USER_PATHS = NO;
				CLANG_ANALYZER_NONNULL = YES;
				CLANG_CXX_LANGUAGE_STANDARD = "gnu++0x";
				CLANG_CXX_LIBRARY = "libc++";
				CLANG_ENABLE_MODULES = YES;
				CLANG_ENABLE_OBJC_ARC = YES;
				CLANG_WARN_BOOL_CONVERSION = YES;
				CLANG_WARN_CONSTANT_CONVERSION = YES;
				CLANG_WARN_DIRECT_OBJC_ISA_USAGE = YES_ERROR;
				CLANG_WARN_DOCUMENTATION_COMMENTS = YES;
				CLANG_WARN_EMPTY_BODY = YES;
				CLANG_WARN_ENUM_CONVERSION = YES;
				CLANG_WARN_INFINITE_RECURSION = YES;
				CLANG_WARN_INT_CONVERSION = YES;
				CLANG_WARN_OBJC_ROOT_CLASS = YES_ERROR;
				CLANG_WARN_SUSPICIOUS_MOVE = YES;
				CLANG_WARN_SUSPICIOUS_MOVES = YES;
				CLANG_WARN_UNREACHABLE_CODE = YES;
				CLANG_WARN__DUPLICATE_METHOD_MATCH = YES;
				COPY_PHASE_STRIP = NO;
				DEBUG_INFORMATION_FORMAT = "dwarf-with-dsym";
				ENABLE_NS_ASSERTIONS = NO;
				ENABLE_STRICT_OBJC_MSGSEND = YES;
				GCC_C_LANGUAGE_STANDARD = gnu99;
				GCC_NO_COMMON_BLOCKS = YES;
				GCC_WARN_64_TO_32_BIT_CONVERSION = YES;
				GCC_WARN_ABOUT_RETURN_TYPE = YES_ERROR;
				GCC_WARN_UNDECLARED_SELECTOR = YES;
				GCC_WARN_UNINITIALIZED_AUTOS = YES_AGGRESSIVE;
				GCC_WARN_UNUSED_FUNCTION = YES;
				GCC_WARN_UNUSED_VARIABLE = YES;
				MTL_ENABLE_DEBUG_INFO = NO;
				SDKROOT = appletvos;
				SWIFT_OPTIMIZATION_LEVEL = "-Owholemodule";
				TARGETED_DEVICE_FAMILY = 3;
				TVOS_DEPLOYMENT_TARGET = 10.0;
				VALIDATE_PRODUCT = YES;
			};
			name = Release;
		};
		E94836781DC09BEB001334C5 /* Debug */ = {
			isa = XCBuildConfiguration;
			buildSettings = {
				ASSETCATALOG_COMPILER_APPICON_NAME = "App Icon & Top Shelf Image";
				ASSETCATALOG_COMPILER_LAUNCHIMAGE_NAME = LaunchImage;
				DEVELOPMENT_TEAM = SGZE33W2XX;
				INFOPLIST_FILE = LazyCat/Info.plist;
				LD_RUNPATH_SEARCH_PATHS = "$(inherited) @executable_path/Frameworks";
				PRODUCT_BUNDLE_IDENTIFIER = com.hengdi.LazyCat;
				PRODUCT_NAME = "$(TARGET_NAME)";
				SWIFT_VERSION = 3.0;
			};
			name = Debug;
		};
		E94836791DC09BEB001334C5 /* Release */ = {
			isa = XCBuildConfiguration;
			buildSettings = {
				ASSETCATALOG_COMPILER_APPICON_NAME = "App Icon & Top Shelf Image";
				ASSETCATALOG_COMPILER_LAUNCHIMAGE_NAME = LaunchImage;
				DEVELOPMENT_TEAM = SGZE33W2XX;
				INFOPLIST_FILE = LazyCat/Info.plist;
				LD_RUNPATH_SEARCH_PATHS = "$(inherited) @executable_path/Frameworks";
				PRODUCT_BUNDLE_IDENTIFIER = com.hengdi.LazyCat;
				PRODUCT_NAME = "$(TARGET_NAME)";
				SWIFT_VERSION = 3.0;
			};
			name = Release;
		};
/* End XCBuildConfiguration section */

/* Begin XCConfigurationList section */
		E94836661DC09BEA001334C5 /* Build configuration list for PBXProject "LazyCat" */ = {
			isa = XCConfigurationList;
			buildConfigurations = (
				E94836751DC09BEB001334C5 /* Debug */,
				E94836761DC09BEB001334C5 /* Release */,
			);
			defaultConfigurationIsVisible = 0;
			defaultConfigurationName = Release;
		};
		E94836771DC09BEB001334C5 /* Build configuration list for PBXNativeTarget "LazyCat" */ = {
			isa = XCConfigurationList;
			buildConfigurations = (
				E94836781DC09BEB001334C5 /* Debug */,
				E94836791DC09BEB001334C5 /* Release */,
			);
			defaultConfigurationIsVisible = 0;
			defaultConfigurationName = Release;
		};
/* End XCConfigurationList section */
	};
	rootObject = E94836631DC09BEA001334C5 /* Project object */;
}
